
Microsoft Visual Studio Solution File, Format Version 12.00
# Visual Studio Version 16
VisualStudioVersion = 16.0.31112.23
MinimumVisualStudioVersion = 10.0.40219.1
Project("{9A19103F-16F7-4668-BE54-9A1E7A4F7556}") = "Snap", "Snap\Snap.csproj", "{E05A1428-E593-4B7B-B7C8-57CE6CCBBE80}"
EndProject
Project("{FAE04EC0-301F-11D3-BF4B-00C04F79EFBC}") = "SnapTests", "SnapTests\SnapTests.csproj", "{58AC78C5-9499-4247-A637-A230865C7933}"
EndProject
Global
	GlobalSection(SolutionConfigurationPlatforms) = preSolution
		Debug|Any CPU = Debug|Any CPU
		Release|Any CPU = Release|Any CPU
	EndGlobalSection
	GlobalSection(ProjectConfigurationPlatforms) = postSolution
		{E05A1428-E593-4B7B-B7C8-57CE6CCBBE80}.Debug|Any CPU.ActiveCfg = Debug|Any CPU
		{E05A1428-E593-4B7B-B7C8-57CE6CCBBE80}.Debug|Any CPU.Build.0 = Debug|Any CPU
		{E05A1428-E593-4B7B-B7C8-57CE6CCBBE80}.Release|Any CPU.ActiveCfg = Release|Any CPU
		{E05A1428-E593-4B7B-B7C8-57CE6CCBBE80}.Release|Any CPU.Build.0 = Release|Any CPU
		{58AC78C5-9499-4247-A637-A230865C7933}.Debug|Any CPU.ActiveCfg = Debug|Any CPU
		{58AC78C5-9499-4247-A637-A230865C7933}.Debug|Any CPU.Build.0 = Debug|Any CPU
		{58AC78C5-9499-4247-A637-A230865C7933}.Release|Any CPU.ActiveCfg = Release|Any CPU
		{58AC78C5-9499-4247-A637-A230865C7933}.Release|Any CPU.Build.0 = Release|Any CPU
	EndGlobalSection
	GlobalSection(SolutionProperties) = preSolution
		HideSolutionNode = FALSE
	EndGlobalSection
	GlobalSection(ExtensibilityGlobals) = postSolution
		SolutionGuid = {0853CA22-AFEF-4306-A585-D56B0F0F90D4}
	EndGlobalSection
EndGlobal
